// !$*UTF8*$!
{
	archiveVersion = 1;
	classes = {
	};
	objectVersion = 46;
	objects = {

/* Begin PBXBuildFile section */
		0A2C0E2EAAD4D1F1BF193073 /* Pods_lipht.framework in Frameworks */ = {isa = PBXBuildFile; fileRef = D67C76FBED4DEC65B159C640 /* Pods_lipht.framework */; };
		AF105F0A1C711B6B00E64EA3 /* SetTableViewCell.swift in Sources */ = {isa = PBXBuildFile; fileRef = AF105F091C711B6B00E64EA3 /* SetTableViewCell.swift */; };
		AF1A449F1C5D6EC300332A3B /* LiftViewController.swift in Sources */ = {isa = PBXBuildFile; fileRef = AF1A449E1C5D6EC300332A3B /* LiftViewController.swift */; };
		AF1A44A11C5D6F0300332A3B /* ReviewViewController.swift in Sources */ = {isa = PBXBuildFile; fileRef = AF1A44A01C5D6F0300332A3B /* ReviewViewController.swift */; };
		AF1A44A51C5DA4CF00332A3B /* Exercise.swift in Sources */ = {isa = PBXBuildFile; fileRef = AF1A44A41C5DA4CF00332A3B /* Exercise.swift */; };
		AF2C62C81C7A7DE80088806E /* LoginSectionViewController.swift in Sources */ = {isa = PBXBuildFile; fileRef = AF2C62C71C7A7DE80088806E /* LoginSectionViewController.swift */; };
		AF2C62CA1C7A7DF80088806E /* RegisterSectionViewController.swift in Sources */ = {isa = PBXBuildFile; fileRef = AF2C62C91C7A7DF80088806E /* RegisterSectionViewController.swift */; };
		AF2C62CC1C7A7E4F0088806E /* AccountViewController.swift in Sources */ = {isa = PBXBuildFile; fileRef = AF2C62CB1C7A7E4F0088806E /* AccountViewController.swift */; };
		AF2C62CE1C7A84830088806E /* AccountContainerViewController.swift in Sources */ = {isa = PBXBuildFile; fileRef = AF2C62CD1C7A84830088806E /* AccountContainerViewController.swift */; };
		AF32CCEA1C5D576B00D97EB0 /* AppDelegate.swift in Sources */ = {isa = PBXBuildFile; fileRef = AF32CCE91C5D576B00D97EB0 /* AppDelegate.swift */; };
		AF32CCEC1C5D576B00D97EB0 /* LoginViewController.swift in Sources */ = {isa = PBXBuildFile; fileRef = AF32CCEB1C5D576B00D97EB0 /* LoginViewController.swift */; };
		AF32CCEF1C5D576B00D97EB0 /* Main.storyboard in Resources */ = {isa = PBXBuildFile; fileRef = AF32CCED1C5D576B00D97EB0 /* Main.storyboard */; };
		AF32CCF11C5D576B00D97EB0 /* Assets.xcassets in Resources */ = {isa = PBXBuildFile; fileRef = AF32CCF01C5D576B00D97EB0 /* Assets.xcassets */; };
		AF32CCF41C5D576B00D97EB0 /* LaunchScreen.storyboard in Resources */ = {isa = PBXBuildFile; fileRef = AF32CCF21C5D576B00D97EB0 /* LaunchScreen.storyboard */; };
		AF420C301C72943900247E73 /* UserExerciseManager.swift in Sources */ = {isa = PBXBuildFile; fileRef = AF420C2F1C72943900247E73 /* UserExerciseManager.swift */; };
		AF420C321C729A2800247E73 /* UserExerciseResult.swift in Sources */ = {isa = PBXBuildFile; fileRef = AF420C311C729A2800247E73 /* UserExerciseResult.swift */; };
		AF568B0E1C6EF2D1002726CB /* iron_logo.png in Resources */ = {isa = PBXBuildFile; fileRef = AF568B0D1C6EF2D1002726CB /* iron_logo.png */; };
		AF568B121C6F5F7F002726CB /* Message-50.png in Resources */ = {isa = PBXBuildFile; fileRef = AF568B111C6F5F7F002726CB /* Message-50.png */; };
		AF568B141C6F648C002726CB /* Lock-64.png in Resources */ = {isa = PBXBuildFile; fileRef = AF568B131C6F648C002726CB /* Lock-64.png */; };
		AF804DF31C5DB7B800BD9BC9 /* UserExercise.swift in Sources */ = {isa = PBXBuildFile; fileRef = AF804DF21C5DB7B800BD9BC9 /* UserExercise.swift */; };
		AF804DF51C5E475800BD9BC9 /* RegisterViewController.swift in Sources */ = {isa = PBXBuildFile; fileRef = AF804DF41C5E475800BD9BC9 /* RegisterViewController.swift */; };
		AF8759D71C653FA200A42D42 /* UserExerciseSetGroup.swift in Sources */ = {isa = PBXBuildFile; fileRef = AF8759D61C653FA200A42D42 /* UserExerciseSetGroup.swift */; };
		AFA2883A1C6855F3008EA54C /* ExerciseTableViewCell.swift in Sources */ = {isa = PBXBuildFile; fileRef = AFA288391C6855F3008EA54C /* ExerciseTableViewCell.swift */; };
		AFA6A99C1C814993008DBD41 /* LiftDayOverviewViewController.swift in Sources */ = {isa = PBXBuildFile; fileRef = AFA6A99B1C814993008DBD41 /* LiftDayOverviewViewController.swift */; };
		AFC461211C723B840086428A /* Constants.swift in Sources */ = {isa = PBXBuildFile; fileRef = AFC461201C723B840086428A /* Constants.swift */; };
		AFC461261C7240AA0086428A /* IronUITextField.swift in Sources */ = {isa = PBXBuildFile; fileRef = AFC461251C7240AA0086428A /* IronUITextField.swift */; };
		AFCB11EE1C6FCE2D00FA8674 /* Charts.framework in Frameworks */ = {isa = PBXBuildFile; fileRef = AFCB11EC1C6FCE2D00FA8674 /* Charts.framework */; };
		AFCB11EF1C6FCE2D00FA8674 /* Firebase.framework in Frameworks */ = {isa = PBXBuildFile; fileRef = AFCB11ED1C6FCE2D00FA8674 /* Firebase.framework */; };
		AFCB11F11C700A1900FA8674 /* User-50.png in Resources */ = {isa = PBXBuildFile; fileRef = AFCB11F01C700A1900FA8674 /* User-50.png */; };
		AFCCB5F91C5E5F53002ACD9B /* User.swift in Sources */ = {isa = PBXBuildFile; fileRef = AFCCB5F81C5E5F53002ACD9B /* User.swift */; };
		AFCCB5FB1C5E9ED4002ACD9B /* ExerciseStreamViewController.swift in Sources */ = {isa = PBXBuildFile; fileRef = AFCCB5FA1C5E9ED4002ACD9B /* ExerciseStreamViewController.swift */; };
		AFCCB5FD1C5EB80E002ACD9B /* ReviewTableViewCell.swift in Sources */ = {isa = PBXBuildFile; fileRef = AFCCB5FC1C5EB80E002ACD9B /* ReviewTableViewCell.swift */; };
		AFCCDBC01C7247B0008DBA30 /* IronUISearchBar.swift in Sources */ = {isa = PBXBuildFile; fileRef = AFCCDBBF1C7247B0008DBA30 /* IronUISearchBar.swift */; };
/* End PBXBuildFile section */

/* Begin PBXFileReference section */
		58CAF3BBA4AA9D1C963E7489 /* Pods-lipht.debug.xcconfig */ = {isa = PBXFileReference; includeInIndex = 1; lastKnownFileType = text.xcconfig; name = "Pods-lipht.debug.xcconfig"; path = "Pods/Target Support Files/Pods-lipht/Pods-lipht.debug.xcconfig"; sourceTree = "<group>"; };
		7C6141D69DEB237D6AF5FA00 /* Pods-lipht.release.xcconfig */ = {isa = PBXFileReference; includeInIndex = 1; lastKnownFileType = text.xcconfig; name = "Pods-lipht.release.xcconfig"; path = "Pods/Target Support Files/Pods-lipht/Pods-lipht.release.xcconfig"; sourceTree = "<group>"; };
		AF105F091C711B6B00E64EA3 /* SetTableViewCell.swift */ = {isa = PBXFileReference; fileEncoding = 4; lastKnownFileType = sourcecode.swift; path = SetTableViewCell.swift; sourceTree = "<group>"; };
		AF1A449E1C5D6EC300332A3B /* LiftViewController.swift */ = {isa = PBXFileReference; fileEncoding = 4; lastKnownFileType = sourcecode.swift; path = LiftViewController.swift; sourceTree = "<group>"; };
		AF1A44A01C5D6F0300332A3B /* ReviewViewController.swift */ = {isa = PBXFileReference; fileEncoding = 4; lastKnownFileType = sourcecode.swift; path = ReviewViewController.swift; sourceTree = "<group>"; };
		AF1A44A41C5DA4CF00332A3B /* Exercise.swift */ = {isa = PBXFileReference; fileEncoding = 4; lastKnownFileType = sourcecode.swift; path = Exercise.swift; sourceTree = "<group>"; };
		AF2C62C71C7A7DE80088806E /* LoginSectionViewController.swift */ = {isa = PBXFileReference; fileEncoding = 4; lastKnownFileType = sourcecode.swift; path = LoginSectionViewController.swift; sourceTree = "<group>"; };
		AF2C62C91C7A7DF80088806E /* RegisterSectionViewController.swift */ = {isa = PBXFileReference; fileEncoding = 4; lastKnownFileType = sourcecode.swift; path = RegisterSectionViewController.swift; sourceTree = "<group>"; };
		AF2C62CB1C7A7E4F0088806E /* AccountViewController.swift */ = {isa = PBXFileReference; fileEncoding = 4; lastKnownFileType = sourcecode.swift; path = AccountViewController.swift; sourceTree = "<group>"; };
		AF2C62CD1C7A84830088806E /* AccountContainerViewController.swift */ = {isa = PBXFileReference; fileEncoding = 4; lastKnownFileType = sourcecode.swift; path = AccountContainerViewController.swift; sourceTree = "<group>"; };
		AF32CCE61C5D576B00D97EB0 /* lipht.app */ = {isa = PBXFileReference; explicitFileType = wrapper.application; includeInIndex = 0; path = lipht.app; sourceTree = BUILT_PRODUCTS_DIR; };
		AF32CCE91C5D576B00D97EB0 /* AppDelegate.swift */ = {isa = PBXFileReference; lastKnownFileType = sourcecode.swift; path = AppDelegate.swift; sourceTree = "<group>"; };
		AF32CCEB1C5D576B00D97EB0 /* LoginViewController.swift */ = {isa = PBXFileReference; lastKnownFileType = sourcecode.swift; path = LoginViewController.swift; sourceTree = "<group>"; };
		AF32CCEE1C5D576B00D97EB0 /* Base */ = {isa = PBXFileReference; lastKnownFileType = file.storyboard; name = Base; path = Base.lproj/Main.storyboard; sourceTree = "<group>"; };
		AF32CCF01C5D576B00D97EB0 /* Assets.xcassets */ = {isa = PBXFileReference; lastKnownFileType = folder.assetcatalog; path = Assets.xcassets; sourceTree = "<group>"; };
		AF32CCF31C5D576B00D97EB0 /* Base */ = {isa = PBXFileReference; lastKnownFileType = file.storyboard; name = Base; path = Base.lproj/LaunchScreen.storyboard; sourceTree = "<group>"; };
		AF32CCF51C5D576B00D97EB0 /* Info.plist */ = {isa = PBXFileReference; lastKnownFileType = text.plist.xml; path = Info.plist; sourceTree = "<group>"; };
		AF420C2F1C72943900247E73 /* UserExerciseManager.swift */ = {isa = PBXFileReference; fileEncoding = 4; lastKnownFileType = sourcecode.swift; path = UserExerciseManager.swift; sourceTree = "<group>"; };
		AF420C311C729A2800247E73 /* UserExerciseResult.swift */ = {isa = PBXFileReference; fileEncoding = 4; lastKnownFileType = sourcecode.swift; path = UserExerciseResult.swift; sourceTree = "<group>"; };
		AF568B0D1C6EF2D1002726CB /* iron_logo.png */ = {isa = PBXFileReference; lastKnownFileType = image.png; name = iron_logo.png; path = ../../../../Desktop/iron_logo.png; sourceTree = "<group>"; };
		AF568B111C6F5F7F002726CB /* Message-50.png */ = {isa = PBXFileReference; lastKnownFileType = image.png; path = "Message-50.png"; sourceTree = "<group>"; };
		AF568B131C6F648C002726CB /* Lock-64.png */ = {isa = PBXFileReference; lastKnownFileType = image.png; path = "Lock-64.png"; sourceTree = "<group>"; };
		AF804DF21C5DB7B800BD9BC9 /* UserExercise.swift */ = {isa = PBXFileReference; fileEncoding = 4; lastKnownFileType = sourcecode.swift; path = UserExercise.swift; sourceTree = "<group>"; };
		AF804DF41C5E475800BD9BC9 /* RegisterViewController.swift */ = {isa = PBXFileReference; fileEncoding = 4; lastKnownFileType = sourcecode.swift; path = RegisterViewController.swift; sourceTree = "<group>"; };
		AF8759D61C653FA200A42D42 /* UserExerciseSetGroup.swift */ = {isa = PBXFileReference; fileEncoding = 4; lastKnownFileType = sourcecode.swift; path = UserExerciseSetGroup.swift; sourceTree = "<group>"; };
		AFA288391C6855F3008EA54C /* ExerciseTableViewCell.swift */ = {isa = PBXFileReference; fileEncoding = 4; lastKnownFileType = sourcecode.swift; path = ExerciseTableViewCell.swift; sourceTree = "<group>"; };
		AFA6A99B1C814993008DBD41 /* LiftDayOverviewViewController.swift */ = {isa = PBXFileReference; fileEncoding = 4; lastKnownFileType = sourcecode.swift; path = LiftDayOverviewViewController.swift; sourceTree = "<group>"; };
		AFC461201C723B840086428A /* Constants.swift */ = {isa = PBXFileReference; fileEncoding = 4; lastKnownFileType = sourcecode.swift; path = Constants.swift; sourceTree = "<group>"; };
		AFC461251C7240AA0086428A /* IronUITextField.swift */ = {isa = PBXFileReference; fileEncoding = 4; lastKnownFileType = sourcecode.swift; path = IronUITextField.swift; sourceTree = "<group>"; };
		AFCB11EC1C6FCE2D00FA8674 /* Charts.framework */ = {isa = PBXFileReference; lastKnownFileType = wrapper.framework; name = Charts.framework; path = "Pods/../build/Debug-iphoneos/Charts.framework"; sourceTree = "<group>"; };
		AFCB11ED1C6FCE2D00FA8674 /* Firebase.framework */ = {isa = PBXFileReference; lastKnownFileType = wrapper.framework; name = Firebase.framework; path = "Pods/../build/Debug-iphoneos/Firebase.framework"; sourceTree = "<group>"; };
		AFCB11F01C700A1900FA8674 /* User-50.png */ = {isa = PBXFileReference; lastKnownFileType = image.png; name = "User-50.png"; path = "../../../../Desktop/User-50.png"; sourceTree = "<group>"; };
		AFCCB5F81C5E5F53002ACD9B /* User.swift */ = {isa = PBXFileReference; fileEncoding = 4; lastKnownFileType = sourcecode.swift; path = User.swift; sourceTree = "<group>"; };
		AFCCB5FA1C5E9ED4002ACD9B /* ExerciseStreamViewController.swift */ = {isa = PBXFileReference; fileEncoding = 4; lastKnownFileType = sourcecode.swift; path = ExerciseStreamViewController.swift; sourceTree = "<group>"; };
		AFCCB5FC1C5EB80E002ACD9B /* ReviewTableViewCell.swift */ = {isa = PBXFileReference; fileEncoding = 4; lastKnownFileType = sourcecode.swift; path = ReviewTableViewCell.swift; sourceTree = "<group>"; };
		AFCCDBBF1C7247B0008DBA30 /* IronUISearchBar.swift */ = {isa = PBXFileReference; fileEncoding = 4; lastKnownFileType = sourcecode.swift; path = IronUISearchBar.swift; sourceTree = "<group>"; };
		D67C76FBED4DEC65B159C640 /* Pods_lipht.framework */ = {isa = PBXFileReference; explicitFileType = wrapper.framework; includeInIndex = 0; path = Pods_lipht.framework; sourceTree = BUILT_PRODUCTS_DIR; };
/* End PBXFileReference section */

/* Begin PBXFrameworksBuildPhase section */
		AF32CCE31C5D576B00D97EB0 /* Frameworks */ = {
			isa = PBXFrameworksBuildPhase;
			buildActionMask = 2147483647;
			files = (
				AFCB11EE1C6FCE2D00FA8674 /* Charts.framework in Frameworks */,
				AFCB11EF1C6FCE2D00FA8674 /* Firebase.framework in Frameworks */,
				0A2C0E2EAAD4D1F1BF193073 /* Pods_lipht.framework in Frameworks */,
			);
			runOnlyForDeploymentPostprocessing = 0;
		};
/* End PBXFrameworksBuildPhase section */

/* Begin PBXGroup section */
		87E55B7FAE881BF97FDC16EB /* Frameworks */ = {
			isa = PBXGroup;
			children = (
				AFCB11EC1C6FCE2D00FA8674 /* Charts.framework */,
				AFCB11ED1C6FCE2D00FA8674 /* Firebase.framework */,
				D67C76FBED4DEC65B159C640 /* Pods_lipht.framework */,
			);
			name = Frameworks;
			sourceTree = "<group>";
		};
		AF32CCDD1C5D576B00D97EB0 = {
			isa = PBXGroup;
			children = (
				AF32CCE81C5D576B00D97EB0 /* lipht */,
				AF32CCE71C5D576B00D97EB0 /* Products */,
				FC510BA79CE59F98BED5F7A3 /* Pods */,
				87E55B7FAE881BF97FDC16EB /* Frameworks */,
			);
			sourceTree = "<group>";
		};
		AF32CCE71C5D576B00D97EB0 /* Products */ = {
			isa = PBXGroup;
			children = (
				AF32CCE61C5D576B00D97EB0 /* lipht.app */,
			);
			name = Products;
			sourceTree = "<group>";
		};
		AF32CCE81C5D576B00D97EB0 /* lipht */ = {
			isa = PBXGroup;
			children = (
				AFC461271C7241800086428A /* IronExtensions */,
				AF4A173A1C72389D004A3A66 /* Assets */,
				AF4A17361C7237DA004A3A66 /* Classes */,
				AF4A17391C72388B004A3A66 /* Managers */,
				AF4A17371C723824004A3A66 /* ViewControllers */,
				AF32CCE91C5D576B00D97EB0 /* AppDelegate.swift */,
				AF32CCED1C5D576B00D97EB0 /* Main.storyboard */,
				AF32CCF01C5D576B00D97EB0 /* Assets.xcassets */,
				AF32CCF21C5D576B00D97EB0 /* LaunchScreen.storyboard */,
				AF32CCF51C5D576B00D97EB0 /* Info.plist */,
			);
			path = lipht;
			sourceTree = "<group>";
		};
		AF4A17361C7237DA004A3A66 /* Classes */ = {
			isa = PBXGroup;
			children = (
				AF8759D61C653FA200A42D42 /* UserExerciseSetGroup.swift */,
				AFCCB5F81C5E5F53002ACD9B /* User.swift */,
				AF804DF21C5DB7B800BD9BC9 /* UserExercise.swift */,
				AF1A44A41C5DA4CF00332A3B /* Exercise.swift */,
				AF420C311C729A2800247E73 /* UserExerciseResult.swift */,
			);
			name = Classes;
			sourceTree = "<group>";
		};
		AF4A17371C723824004A3A66 /* ViewControllers */ = {
			isa = PBXGroup;
			children = (
				AF4A17381C72384C004A3A66 /* TableViewCell */,
				AFCCB5FA1C5E9ED4002ACD9B /* ExerciseStreamViewController.swift */,
				AF32CCEB1C5D576B00D97EB0 /* LoginViewController.swift */,
				AF1A449E1C5D6EC300332A3B /* LiftViewController.swift */,
				AF804DF41C5E475800BD9BC9 /* RegisterViewController.swift */,
				AF1A44A01C5D6F0300332A3B /* ReviewViewController.swift */,
				AF2C62C71C7A7DE80088806E /* LoginSectionViewController.swift */,
				AF2C62C91C7A7DF80088806E /* RegisterSectionViewController.swift */,
				AF2C62CB1C7A7E4F0088806E /* AccountViewController.swift */,
				AF2C62CD1C7A84830088806E /* AccountContainerViewController.swift */,
				AFA6A99B1C814993008DBD41 /* LiftDayOverviewViewController.swift */,
			);
			name = ViewControllers;
			sourceTree = "<group>";
		};
		AF4A17381C72384C004A3A66 /* TableViewCell */ = {
			isa = PBXGroup;
			children = (
				AFA288391C6855F3008EA54C /* ExerciseTableViewCell.swift */,
				AFCCB5FC1C5EB80E002ACD9B /* ReviewTableViewCell.swift */,
				AF105F091C711B6B00E64EA3 /* SetTableViewCell.swift */,
			);
			name = TableViewCell;
			sourceTree = "<group>";
		};
		AF4A17391C72388B004A3A66 /* Managers */ = {
			isa = PBXGroup;
			children = (
				AFC461201C723B840086428A /* Constants.swift */,
				AF420C2F1C72943900247E73 /* UserExerciseManager.swift */,
			);
			name = Managers;
			sourceTree = "<group>";
		};
		AF4A173A1C72389D004A3A66 /* Assets */ = {
			isa = PBXGroup;
			children = (
				AFCB11F01C700A1900FA8674 /* User-50.png */,
				AF568B0D1C6EF2D1002726CB /* iron_logo.png */,
				AF568B131C6F648C002726CB /* Lock-64.png */,
				AF568B111C6F5F7F002726CB /* Message-50.png */,
			);
			name = Assets;
			sourceTree = "<group>";
		};
		AFC461271C7241800086428A /* IronExtensions */ = {
			isa = PBXGroup;
			children = (
				AFC461251C7240AA0086428A /* IronUITextField.swift */,
				AFCCDBBF1C7247B0008DBA30 /* IronUISearchBar.swift */,
			);
			name = IronExtensions;
			sourceTree = "<group>";
		};
		FC510BA79CE59F98BED5F7A3 /* Pods */ = {
			isa = PBXGroup;
			children = (
				58CAF3BBA4AA9D1C963E7489 /* Pods-lipht.debug.xcconfig */,
				7C6141D69DEB237D6AF5FA00 /* Pods-lipht.release.xcconfig */,
			);
			name = Pods;
			sourceTree = "<group>";
		};
/* End PBXGroup section */

/* Begin PBXNativeTarget section */
		AF32CCE51C5D576B00D97EB0 /* lipht */ = {
			isa = PBXNativeTarget;
			buildConfigurationList = AF32CCF81C5D576B00D97EB0 /* Build configuration list for PBXNativeTarget "lipht" */;
			buildPhases = (
				0615BA1C0D307647E63D3018 /* Check Pods Manifest.lock */,
				AF32CCE21C5D576B00D97EB0 /* Sources */,
				AF32CCE31C5D576B00D97EB0 /* Frameworks */,
				AF32CCE41C5D576B00D97EB0 /* Resources */,
				44264B074C39551581AE2B13 /* Embed Pods Frameworks */,
				F990E4C2DDE4B80808037CFA /* Copy Pods Resources */,
			);
			buildRules = (
			);
			dependencies = (
			);
			name = lipht;
			productName = lipht;
			productReference = AF32CCE61C5D576B00D97EB0 /* lipht.app */;
			productType = "com.apple.product-type.application";
		};
/* End PBXNativeTarget section */

/* Begin PBXProject section */
		AF32CCDE1C5D576B00D97EB0 /* Project object */ = {
			isa = PBXProject;
			attributes = {
				LastSwiftUpdateCheck = 0720;
				LastUpgradeCheck = 0720;
				ORGANIZATIONNAME = "Anton Nikolov";
				TargetAttributes = {
					AF32CCE51C5D576B00D97EB0 = {
						CreatedOnToolsVersion = 7.2;
						DevelopmentTeam = ZJ7F6RPYRX;
					};
				};
			};
			buildConfigurationList = AF32CCE11C5D576B00D97EB0 /* Build configuration list for PBXProject "lipht" */;
			compatibilityVersion = "Xcode 3.2";
			developmentRegion = English;
			hasScannedForEncodings = 0;
			knownRegions = (
				en,
				Base,
			);
			mainGroup = AF32CCDD1C5D576B00D97EB0;
			productRefGroup = AF32CCE71C5D576B00D97EB0 /* Products */;
			projectDirPath = "";
			projectRoot = "";
			targets = (
				AF32CCE51C5D576B00D97EB0 /* lipht */,
			);
		};
/* End PBXProject section */

/* Begin PBXResourcesBuildPhase section */
		AF32CCE41C5D576B00D97EB0 /* Resources */ = {
			isa = PBXResourcesBuildPhase;
			buildActionMask = 2147483647;
			files = (
				AFCB11F11C700A1900FA8674 /* User-50.png in Resources */,
				AF568B0E1C6EF2D1002726CB /* iron_logo.png in Resources */,
				AF32CCF41C5D576B00D97EB0 /* LaunchScreen.storyboard in Resources */,
				AF32CCF11C5D576B00D97EB0 /* Assets.xcassets in Resources */,
				AF568B121C6F5F7F002726CB /* Message-50.png in Resources */,
				AF568B141C6F648C002726CB /* Lock-64.png in Resources */,
				AF32CCEF1C5D576B00D97EB0 /* Main.storyboard in Resources */,
			);
			runOnlyForDeploymentPostprocessing = 0;
		};
/* End PBXResourcesBuildPhase section */

/* Begin PBXShellScriptBuildPhase section */
		0615BA1C0D307647E63D3018 /* Check Pods Manifest.lock */ = {
			isa = PBXShellScriptBuildPhase;
			buildActionMask = 2147483647;
			files = (
			);
			inputPaths = (
			);
			name = "Check Pods Manifest.lock";
			outputPaths = (
			);
			runOnlyForDeploymentPostprocessing = 0;
			shellPath = /bin/sh;
			shellScript = "diff \"${PODS_ROOT}/../Podfile.lock\" \"${PODS_ROOT}/Manifest.lock\" > /dev/null\nif [[ $? != 0 ]] ; then\n    cat << EOM\nerror: The sandbox is not in sync with the Podfile.lock. Run 'pod install' or update your CocoaPods installation.\nEOM\n    exit 1\nfi\n";
			showEnvVarsInLog = 0;
		};
		44264B074C39551581AE2B13 /* Embed Pods Frameworks */ = {
			isa = PBXShellScriptBuildPhase;
			buildActionMask = 2147483647;
			files = (
			);
			inputPaths = (
			);
			name = "Embed Pods Frameworks";
			outputPaths = (
			);
			runOnlyForDeploymentPostprocessing = 0;
			shellPath = /bin/sh;
			shellScript = "\"${SRCROOT}/Pods/Target Support Files/Pods-lipht/Pods-lipht-frameworks.sh\"\n";
			showEnvVarsInLog = 0;
		};
		F990E4C2DDE4B80808037CFA /* Copy Pods Resources */ = {
			isa = PBXShellScriptBuildPhase;
			buildActionMask = 2147483647;
			files = (
			);
			inputPaths = (
			);
			name = "Copy Pods Resources";
			outputPaths = (
			);
			runOnlyForDeploymentPostprocessing = 0;
			shellPath = /bin/sh;
			shellScript = "\"${SRCROOT}/Pods/Target Support Files/Pods-lipht/Pods-lipht-resources.sh\"\n";
			showEnvVarsInLog = 0;
		};
/* End PBXShellScriptBuildPhase section */

/* Begin PBXSourcesBuildPhase section */
		AF32CCE21C5D576B00D97EB0 /* Sources */ = {
			isa = PBXSourcesBuildPhase;
			buildActionMask = 2147483647;
			files = (
				AF105F0A1C711B6B00E64EA3 /* SetTableViewCell.swift in Sources */,
				AF420C321C729A2800247E73 /* UserExerciseResult.swift in Sources */,
				AF2C62CC1C7A7E4F0088806E /* AccountViewController.swift in Sources */,
				AFA6A99C1C814993008DBD41 /* LiftDayOverviewViewController.swift in Sources */,
				AF1A44A51C5DA4CF00332A3B /* Exercise.swift in Sources */,
				AF32CCEC1C5D576B00D97EB0 /* LoginViewController.swift in Sources */,
				AFCCB5FB1C5E9ED4002ACD9B /* ExerciseStreamViewController.swift in Sources */,
				AF420C301C72943900247E73 /* UserExerciseManager.swift in Sources */,
				AF804DF51C5E475800BD9BC9 /* RegisterViewController.swift in Sources */,
				AF804DF31C5DB7B800BD9BC9 /* UserExercise.swift in Sources */,
				AF8759D71C653FA200A42D42 /* UserExerciseSetGroup.swift in Sources */,
				AFC461211C723B840086428A /* Constants.swift in Sources */,
				AF32CCEA1C5D576B00D97EB0 /* AppDelegate.swift in Sources */,
				AF2C62CA1C7A7DF80088806E /* RegisterSectionViewController.swift in Sources */,
				AFCCB5FD1C5EB80E002ACD9B /* ReviewTableViewCell.swift in Sources */,
				AF2C62CE1C7A84830088806E /* AccountContainerViewController.swift in Sources */,
				AFA2883A1C6855F3008EA54C /* ExerciseTableViewCell.swift in Sources */,
				AFCCB5F91C5E5F53002ACD9B /* User.swift in Sources */,
				AF1A44A11C5D6F0300332A3B /* ReviewViewController.swift in Sources */,
				AFCCDBC01C7247B0008DBA30 /* IronUISearchBar.swift in Sources */,
				AF1A449F1C5D6EC300332A3B /* LiftViewController.swift in Sources */,
				AFC461261C7240AA0086428A /* IronUITextField.swift in Sources */,
				AF2C62C81C7A7DE80088806E /* LoginSectionViewController.swift in Sources */,
			);
			runOnlyForDeploymentPostprocessing = 0;
		};
/* End PBXSourcesBuildPhase section */

/* Begin PBXVariantGroup section */
		AF32CCED1C5D576B00D97EB0 /* Main.storyboard */ = {
			isa = PBXVariantGroup;
			children = (
				AF32CCEE1C5D576B00D97EB0 /* Base */,
			);
			name = Main.storyboard;
			sourceTree = "<group>";
		};
		AF32CCF21C5D576B00D97EB0 /* LaunchScreen.storyboard */ = {
			isa = PBXVariantGroup;
			children = (
				AF32CCF31C5D576B00D97EB0 /* Base */,
			);
			name = LaunchScreen.storyboard;
			sourceTree = "<group>";
		};
/* End PBXVariantGroup section */

/* Begin XCBuildConfiguration section */
		AF32CCF61C5D576B00D97EB0 /* Debug */ = {
			isa = XCBuildConfiguration;
			buildSettings = {
				ALWAYS_SEARCH_USER_PATHS = NO;
				CLANG_CXX_LANGUAGE_STANDARD = "gnu++0x";
				CLANG_CXX_LIBRARY = "libc++";
				CLANG_ENABLE_MODULES = YES;
				CLANG_ENABLE_OBJC_ARC = YES;
				CLANG_WARN_BOOL_CONVERSION = YES;
				CLANG_WARN_CONSTANT_CONVERSION = YES;
				CLANG_WARN_DIRECT_OBJC_ISA_USAGE = YES_ERROR;
				CLANG_WARN_EMPTY_BODY = YES;
				CLANG_WARN_ENUM_CONVERSION = YES;
				CLANG_WARN_INT_CONVERSION = YES;
				CLANG_WARN_OBJC_ROOT_CLASS = YES_ERROR;
				CLANG_WARN_UNREACHABLE_CODE = YES;
				CLANG_WARN__DUPLICATE_METHOD_MATCH = YES;
				"CODE_SIGN_IDENTITY[sdk=iphoneos*]" = "iPhone Developer";
				COPY_PHASE_STRIP = NO;
				DEBUG_INFORMATION_FORMAT = dwarf;
				ENABLE_STRICT_OBJC_MSGSEND = YES;
				ENABLE_TESTABILITY = YES;
				GCC_C_LANGUAGE_STANDARD = gnu99;
				GCC_DYNAMIC_NO_PIC = NO;
				GCC_NO_COMMON_BLOCKS = YES;
				GCC_OPTIMIZATION_LEVEL = 0;
				GCC_PREPROCESSOR_DEFINITIONS = (
					"DEBUG=1",
					"$(inherited)",
				);
				GCC_WARN_64_TO_32_BIT_CONVERSION = YES;
				GCC_WARN_ABOUT_RETURN_TYPE = YES_ERROR;
				GCC_WARN_UNDECLARED_SELECTOR = YES;
				GCC_WARN_UNINITIALIZED_AUTOS = YES_AGGRESSIVE;
				GCC_WARN_UNUSED_FUNCTION = YES;
				GCC_WARN_UNUSED_VARIABLE = YES;
				IPHONEOS_DEPLOYMENT_TARGET = 9.2;
				MTL_ENABLE_DEBUG_INFO = YES;
				ONLY_ACTIVE_ARCH = YES;
				SDKROOT = iphoneos;
				SWIFT_OPTIMIZATION_LEVEL = "-Onone";
			};
			name = Debug;
		};
		AF32CCF71C5D576B00D97EB0 /* Release */ = {
			isa = XCBuildConfiguration;
			buildSettings = {
				ALWAYS_SEARCH_USER_PATHS = NO;
				CLANG_CXX_LANGUAGE_STANDARD = "gnu++0x";
				CLANG_CXX_LIBRARY = "libc++";
				CLANG_ENABLE_MODULES = YES;
				CLANG_ENABLE_OBJC_ARC = YES;
				CLANG_WARN_BOOL_CONVERSION = YES;
				CLANG_WARN_CONSTANT_CONVERSION = YES;
				CLANG_WARN_DIRECT_OBJC_ISA_USAGE = YES_ERROR;
				CLANG_WARN_EMPTY_BODY = YES;
				CLANG_WARN_ENUM_CONVERSION = YES;
				CLANG_WARN_INT_CONVERSION = YES;
				CLANG_WARN_OBJC_ROOT_CLASS = YES_ERROR;
				CLANG_WARN_UNREACHABLE_CODE = YES;
				CLANG_WARN__DUPLICATE_METHOD_MATCH = YES;
				"CODE_SIGN_IDENTITY[sdk=iphoneos*]" = "iPhone Developer";
				COPY_PHASE_STRIP = NO;
				DEBUG_INFORMATION_FORMAT = "dwarf-with-dsym";
				ENABLE_NS_ASSERTIONS = NO;
				ENABLE_STRICT_OBJC_MSGSEND = YES;
				GCC_C_LANGUAGE_STANDARD = gnu99;
				GCC_NO_COMMON_BLOCKS = YES;
				GCC_WARN_64_TO_32_BIT_CONVERSION = YES;
				GCC_WARN_ABOUT_RETURN_TYPE = YES_ERROR;
				GCC_WARN_UNDECLARED_SELECTOR = YES;
				GCC_WARN_UNINITIALIZED_AUTOS = YES_AGGRESSIVE;
				GCC_WARN_UNUSED_FUNCTION = YES;
				GCC_WARN_UNUSED_VARIABLE = YES;
				IPHONEOS_DEPLOYMENT_TARGET = 9.2;
				MTL_ENABLE_DEBUG_INFO = NO;
				SDKROOT = iphoneos;
				VALIDATE_PRODUCT = YES;
			};
			name = Release;
		};
		AF32CCF91C5D576B00D97EB0 /* Debug */ = {
			isa = XCBuildConfiguration;
			baseConfigurationReference = 58CAF3BBA4AA9D1C963E7489 /* Pods-lipht.debug.xcconfig */;
			buildSettings = {
				ASSETCATALOG_COMPILER_APPICON_NAME = AppIcon;
				CODE_SIGN_IDENTITY = "iPhone Developer";
				"CODE_SIGN_IDENTITY[sdk=iphoneos*]" = "iPhone Developer";
				FRAMEWORK_SEARCH_PATHS = (
					"$(inherited)",
					"$(PROJECT_DIR)/build/Debug-iphoneos",
				);
				INFOPLIST_FILE = lipht/Info.plist;
				LD_RUNPATH_SEARCH_PATHS = "$(inherited) @executable_path/Frameworks";
				PRODUCT_BUNDLE_IDENTIFIER = com.lipht.lipht;
				PRODUCT_NAME = "$(TARGET_NAME)";
				PROVISIONING_PROFILE = "";
			};
			name = Debug;
		};
		AF32CCFA1C5D576B00D97EB0 /* Release */ = {
			isa = XCBuildConfiguration;
			baseConfigurationReference = 7C6141D69DEB237D6AF5FA00 /* Pods-lipht.release.xcconfig */;
			buildSettings = {
				ASSETCATALOG_COMPILER_APPICON_NAME = AppIcon;
				CODE_SIGN_IDENTITY = "iPhone Developer";
				"CODE_SIGN_IDENTITY[sdk=iphoneos*]" = "iPhone Developer";
				FRAMEWORK_SEARCH_PATHS = (
					"$(inherited)",
					"$(PROJECT_DIR)/build/Debug-iphoneos",
				);
				INFOPLIST_FILE = lipht/Info.plist;
				LD_RUNPATH_SEARCH_PATHS = "$(inherited) @executable_path/Frameworks";
				PRODUCT_BUNDLE_IDENTIFIER = com.lipht.lipht;
				PRODUCT_NAME = "$(TARGET_NAME)";
				PROVISIONING_PROFILE = "";
			};
			name = Release;
		};
/* End XCBuildConfiguration section */

/* Begin XCConfigurationList section */
		AF32CCE11C5D576B00D97EB0 /* Build configuration list for PBXProject "lipht" */ = {
			isa = XCConfigurationList;
			buildConfigurations = (
				AF32CCF61C5D576B00D97EB0 /* Debug */,
				AF32CCF71C5D576B00D97EB0 /* Release */,
			);
			defaultConfigurationIsVisible = 0;
			defaultConfigurationName = Release;
		};
		AF32CCF81C5D576B00D97EB0 /* Build configuration list for PBXNativeTarget "lipht" */ = {
			isa = XCConfigurationList;
			buildConfigurations = (
				AF32CCF91C5D576B00D97EB0 /* Debug */,
				AF32CCFA1C5D576B00D97EB0 /* Release */,
			);
			defaultConfigurationIsVisible = 0;
			defaultConfigurationName = Release;
		};
/* End XCConfigurationList section */
	};
	rootObject = AF32CCDE1C5D576B00D97EB0 /* Project object */;
}
